// !$*UTF8*$!
{
	archiveVersion = 1;
	classes = {
	};
	objectVersion = 56;
	objects = {

/* Begin PBXBuildFile section */
		9F1BFA942A55EE4900D1ED17 /* MainTabView.swift in Sources */ = {isa = PBXBuildFile; fileRef = 9F1BFA932A55EE4900D1ED17 /* MainTabView.swift */; };
		9F1BFA962A55EF2E00D1ED17 /* CalendarItem.swift in Sources */ = {isa = PBXBuildFile; fileRef = 9F1BFA952A55EF2E00D1ED17 /* CalendarItem.swift */; };
		9F1BFA9C2A55F31D00D1ED17 /* CalendarView.swift in Sources */ = {isa = PBXBuildFile; fileRef = 9F1BFA9B2A55F31D00D1ED17 /* CalendarView.swift */; };
		9FDA5FE62A4F41E100936D8A /* EventPlannerApp.swift in Sources */ = {isa = PBXBuildFile; fileRef = 9FDA5FE52A4F41E100936D8A /* EventPlannerApp.swift */; };
		9FDA5FE82A4F41E100936D8A /* HomeView.swift in Sources */ = {isa = PBXBuildFile; fileRef = 9FDA5FE72A4F41E100936D8A /* HomeView.swift */; };
		9FDA5FEA2A4F41E300936D8A /* Assets.xcassets in Resources */ = {isa = PBXBuildFile; fileRef = 9FDA5FE92A4F41E300936D8A /* Assets.xcassets */; };
		9FDA5FED2A4F41E300936D8A /* Preview Assets.xcassets in Resources */ = {isa = PBXBuildFile; fileRef = 9FDA5FEC2A4F41E300936D8A /* Preview Assets.xcassets */; };
		9FDA5FF42A4F41FD00936D8A /* EventView.swift in Sources */ = {isa = PBXBuildFile; fileRef = 9FDA5FF32A4F41FD00936D8A /* EventView.swift */; };
		9FDA5FF72A4F4A1300936D8A /* RoundedCorners.swift in Sources */ = {isa = PBXBuildFile; fileRef = 9FDA5FF62A4F4A1300936D8A /* RoundedCorners.swift */; };
		9FDA5FF92A4F4F5300936D8A /* EventButton.swift in Sources */ = {isa = PBXBuildFile; fileRef = 9FDA5FF82A4F4F5300936D8A /* EventButton.swift */; };
		9FDA5FFB2A4F557100936D8A /* LabelAlignment.swift in Sources */ = {isa = PBXBuildFile; fileRef = 9FDA5FFA2A4F557100936D8A /* LabelAlignment.swift */; };
		9FDA5FFD2A4F5A7400936D8A /* Event.swift in Sources */ = {isa = PBXBuildFile; fileRef = 9FDA5FFC2A4F5A7400936D8A /* Event.swift */; };
		C6275BED2A58805A00EC5DC5 /* CalenderViewModel.swift in Sources */ = {isa = PBXBuildFile; fileRef = C6275BEC2A58805A00EC5DC5 /* CalenderViewModel.swift */; };
		C6E3E5912A5DB2D2007A60EA /* Color+Extension.swift in Sources */ = {isa = PBXBuildFile; fileRef = C6E3E5902A5DB2D2007A60EA /* Color+Extension.swift */; };
/* End PBXBuildFile section */

/* Begin PBXFileReference section */
		9F1BFA932A55EE4900D1ED17 /* MainTabView.swift */ = {isa = PBXFileReference; lastKnownFileType = sourcecode.swift; path = MainTabView.swift; sourceTree = "<group>"; };
		9F1BFA952A55EF2E00D1ED17 /* CalendarItem.swift */ = {isa = PBXFileReference; lastKnownFileType = sourcecode.swift; path = CalendarItem.swift; sourceTree = "<group>"; };
		9F1BFA9B2A55F31D00D1ED17 /* CalendarView.swift */ = {isa = PBXFileReference; lastKnownFileType = sourcecode.swift; path = CalendarView.swift; sourceTree = "<group>"; };
		9FDA5FE22A4F41E100936D8A /* EventPlanner.app */ = {isa = PBXFileReference; explicitFileType = wrapper.application; includeInIndex = 0; path = EventPlanner.app; sourceTree = BUILT_PRODUCTS_DIR; };
		9FDA5FE52A4F41E100936D8A /* EventPlannerApp.swift */ = {isa = PBXFileReference; lastKnownFileType = sourcecode.swift; path = EventPlannerApp.swift; sourceTree = "<group>"; };
		9FDA5FE72A4F41E100936D8A /* HomeView.swift */ = {isa = PBXFileReference; lastKnownFileType = sourcecode.swift; path = HomeView.swift; sourceTree = "<group>"; };
		9FDA5FE92A4F41E300936D8A /* Assets.xcassets */ = {isa = PBXFileReference; lastKnownFileType = folder.assetcatalog; path = Assets.xcassets; sourceTree = "<group>"; };
		9FDA5FEC2A4F41E300936D8A /* Preview Assets.xcassets */ = {isa = PBXFileReference; lastKnownFileType = folder.assetcatalog; path = "Preview Assets.xcassets"; sourceTree = "<group>"; };
		9FDA5FF32A4F41FD00936D8A /* EventView.swift */ = {isa = PBXFileReference; lastKnownFileType = sourcecode.swift; path = EventView.swift; sourceTree = "<group>"; };
		9FDA5FF62A4F4A1300936D8A /* RoundedCorners.swift */ = {isa = PBXFileReference; lastKnownFileType = sourcecode.swift; path = RoundedCorners.swift; sourceTree = "<group>"; };
		9FDA5FF82A4F4F5300936D8A /* EventButton.swift */ = {isa = PBXFileReference; lastKnownFileType = sourcecode.swift; path = EventButton.swift; sourceTree = "<group>"; };
		9FDA5FFA2A4F557100936D8A /* LabelAlignment.swift */ = {isa = PBXFileReference; lastKnownFileType = sourcecode.swift; path = LabelAlignment.swift; sourceTree = "<group>"; };
		9FDA5FFC2A4F5A7400936D8A /* Event.swift */ = {isa = PBXFileReference; lastKnownFileType = sourcecode.swift; path = Event.swift; sourceTree = "<group>"; };
		C6275BEC2A58805A00EC5DC5 /* CalenderViewModel.swift */ = {isa = PBXFileReference; lastKnownFileType = sourcecode.swift; path = CalenderViewModel.swift; sourceTree = "<group>"; };
		C6E3E5902A5DB2D2007A60EA /* Color+Extension.swift */ = {isa = PBXFileReference; lastKnownFileType = sourcecode.swift; path = "Color+Extension.swift"; sourceTree = "<group>"; };
/* End PBXFileReference section */

/* Begin PBXFrameworksBuildPhase section */
		9FDA5FDF2A4F41E100936D8A /* Frameworks */ = {
			isa = PBXFrameworksBuildPhase;
			buildActionMask = 2147483647;
			files = (
			);
			runOnlyForDeploymentPostprocessing = 0;
		};
/* End PBXFrameworksBuildPhase section */

/* Begin PBXGroup section */
		9F1BFA972A55F25900D1ED17 /* Model */ = {
			isa = PBXGroup;
			children = (
				9FDA5FFC2A4F5A7400936D8A /* Event.swift */,
			);
			path = Model;
			sourceTree = "<group>";
		};
		9F1BFA982A55F26800D1ED17 /* View */ = {
			isa = PBXGroup;
			children = (
				9FDA5FE72A4F41E100936D8A /* HomeView.swift */,
				9F1BFA9A2A55F2E000D1ED17 /* SupportingViews */,
				9FDA5FF32A4F41FD00936D8A /* EventView.swift */,
				9F1BFA952A55EF2E00D1ED17 /* CalendarItem.swift */,
				9F1BFA9B2A55F31D00D1ED17 /* CalendarView.swift */,
			);
			path = View;
			sourceTree = "<group>";
		};
		9F1BFA992A55F28600D1ED17 /* App */ = {
			isa = PBXGroup;
			children = (
				9F1BFA932A55EE4900D1ED17 /* MainTabView.swift */,
				9FDA5FE52A4F41E100936D8A /* EventPlannerApp.swift */,
			);
			path = App;
			sourceTree = "<group>";
		};
		9F1BFA9A2A55F2E000D1ED17 /* SupportingViews */ = {
			isa = PBXGroup;
			children = (
				9FDA5FF82A4F4F5300936D8A /* EventButton.swift */,
			);
			path = SupportingViews;
			sourceTree = "<group>";
		};
		9FDA5FD92A4F41E100936D8A = {
			isa = PBXGroup;
			children = (
				9FDA5FE42A4F41E100936D8A /* EventPlanner */,
				9FDA5FE32A4F41E100936D8A /* Products */,
			);
			sourceTree = "<group>";
		};
		9FDA5FE32A4F41E100936D8A /* Products */ = {
			isa = PBXGroup;
			children = (
				9FDA5FE22A4F41E100936D8A /* EventPlanner.app */,
			);
			name = Products;
			sourceTree = "<group>";
		};
		9FDA5FE42A4F41E100936D8A /* EventPlanner */ = {
			isa = PBXGroup;
			children = (
				9FDA5FF52A4F49C800936D8A /* Utility */,
				9F1BFA992A55F28600D1ED17 /* App */,
				9F1BFA982A55F26800D1ED17 /* View */,
				C6275BE92A58801800EC5DC5 /* ViewModels */,
				9F1BFA972A55F25900D1ED17 /* Model */,
				9FDA5FE92A4F41E300936D8A /* Assets.xcassets */,
				9FDA5FEB2A4F41E300936D8A /* Preview Content */,
			);
			path = EventPlanner;
			sourceTree = "<group>";
		};
		9FDA5FEB2A4F41E300936D8A /* Preview Content */ = {
			isa = PBXGroup;
			children = (
				9FDA5FEC2A4F41E300936D8A /* Preview Assets.xcassets */,
			);
			path = "Preview Content";
			sourceTree = "<group>";
		};
		9FDA5FF52A4F49C800936D8A /* Utility */ = {
			isa = PBXGroup;
			children = (
				9FDA5FF62A4F4A1300936D8A /* RoundedCorners.swift */,
				9FDA5FFA2A4F557100936D8A /* LabelAlignment.swift */,
				C6E3E5902A5DB2D2007A60EA /* Color+Extension.swift */,
			);
			path = Utility;
			sourceTree = "<group>";
		};
		C6275BE92A58801800EC5DC5 /* ViewModels */ = {
			isa = PBXGroup;
			children = (
				C6275BEC2A58805A00EC5DC5 /* CalenderViewModel.swift */,
			);
			path = ViewModels;
			sourceTree = "<group>";
		};
/* End PBXGroup section */

/* Begin PBXNativeTarget section */
		9FDA5FE12A4F41E100936D8A /* EventPlanner */ = {
			isa = PBXNativeTarget;
			buildConfigurationList = 9FDA5FF02A4F41E300936D8A /* Build configuration list for PBXNativeTarget "EventPlanner" */;
			buildPhases = (
				9FDA5FDE2A4F41E100936D8A /* Sources */,
				9FDA5FDF2A4F41E100936D8A /* Frameworks */,
				9FDA5FE02A4F41E100936D8A /* Resources */,
			);
			buildRules = (
			);
			dependencies = (
			);
			name = EventPlanner;
			productName = EventPlanner;
			productReference = 9FDA5FE22A4F41E100936D8A /* EventPlanner.app */;
			productType = "com.apple.product-type.application";
		};
/* End PBXNativeTarget section */

/* Begin PBXProject section */
		9FDA5FDA2A4F41E100936D8A /* Project object */ = {
			isa = PBXProject;
			attributes = {
				BuildIndependentTargetsInParallel = 1;
				LastSwiftUpdateCheck = 1430;
				LastUpgradeCheck = 1430;
				TargetAttributes = {
					9FDA5FE12A4F41E100936D8A = {
						CreatedOnToolsVersion = 14.3.1;
					};
				};
			};
			buildConfigurationList = 9FDA5FDD2A4F41E100936D8A /* Build configuration list for PBXProject "EventPlanner" */;
			compatibilityVersion = "Xcode 14.0";
			developmentRegion = en;
			hasScannedForEncodings = 0;
			knownRegions = (
				en,
				Base,
			);
			mainGroup = 9FDA5FD92A4F41E100936D8A;
			productRefGroup = 9FDA5FE32A4F41E100936D8A /* Products */;
			projectDirPath = "";
			projectRoot = "";
			targets = (
				9FDA5FE12A4F41E100936D8A /* EventPlanner */,
			);
		};
/* End PBXProject section */

/* Begin PBXResourcesBuildPhase section */
		9FDA5FE02A4F41E100936D8A /* Resources */ = {
			isa = PBXResourcesBuildPhase;
			buildActionMask = 2147483647;
			files = (
				9FDA5FED2A4F41E300936D8A /* Preview Assets.xcassets in Resources */,
				9FDA5FEA2A4F41E300936D8A /* Assets.xcassets in Resources */,
			);
			runOnlyForDeploymentPostprocessing = 0;
		};
/* End PBXResourcesBuildPhase section */

/* Begin PBXSourcesBuildPhase section */
		9FDA5FDE2A4F41E100936D8A /* Sources */ = {
			isa = PBXSourcesBuildPhase;
			buildActionMask = 2147483647;
			files = (
				9F1BFA9C2A55F31D00D1ED17 /* CalendarView.swift in Sources */,
				9FDA5FFB2A4F557100936D8A /* LabelAlignment.swift in Sources */,
				9FDA5FF72A4F4A1300936D8A /* RoundedCorners.swift in Sources */,
				9FDA5FF92A4F4F5300936D8A /* EventButton.swift in Sources */,
				9F1BFA942A55EE4900D1ED17 /* MainTabView.swift in Sources */,
				9FDA5FF42A4F41FD00936D8A /* EventView.swift in Sources */,
				9F1BFA962A55EF2E00D1ED17 /* CalendarItem.swift in Sources */,
				C6E3E5912A5DB2D2007A60EA /* Color+Extension.swift in Sources */,
				C6275BED2A58805A00EC5DC5 /* CalenderViewModel.swift in Sources */,
				9FDA5FE82A4F41E100936D8A /* HomeView.swift in Sources */,
				9FDA5FFD2A4F5A7400936D8A /* Event.swift in Sources */,
				9FDA5FE62A4F41E100936D8A /* EventPlannerApp.swift in Sources */,
			);
			runOnlyForDeploymentPostprocessing = 0;
		};
/* End PBXSourcesBuildPhase section */

/* Begin XCBuildConfiguration section */
		9FDA5FEE2A4F41E300936D8A /* Debug */ = {
			isa = XCBuildConfiguration;
			buildSettings = {
				ALWAYS_SEARCH_USER_PATHS = NO;
				CLANG_ANALYZER_NONNULL = YES;
				CLANG_ANALYZER_NUMBER_OBJECT_CONVERSION = YES_AGGRESSIVE;
				CLANG_CXX_LANGUAGE_STANDARD = "gnu++20";
				CLANG_ENABLE_MODULES = YES;
				CLANG_ENABLE_OBJC_ARC = YES;
				CLANG_ENABLE_OBJC_WEAK = YES;
				CLANG_WARN_BLOCK_CAPTURE_AUTORELEASING = YES;
				CLANG_WARN_BOOL_CONVERSION = YES;
				CLANG_WARN_COMMA = YES;
				CLANG_WARN_CONSTANT_CONVERSION = YES;
				CLANG_WARN_DEPRECATED_OBJC_IMPLEMENTATIONS = YES;
				CLANG_WARN_DIRECT_OBJC_ISA_USAGE = YES_ERROR;
				CLANG_WARN_DOCUMENTATION_COMMENTS = YES;
				CLANG_WARN_EMPTY_BODY = YES;
				CLANG_WARN_ENUM_CONVERSION = YES;
				CLANG_WARN_INFINITE_RECURSION = YES;
				CLANG_WARN_INT_CONVERSION = YES;
				CLANG_WARN_NON_LITERAL_NULL_CONVERSION = YES;
				CLANG_WARN_OBJC_IMPLICIT_RETAIN_SELF = YES;
				CLANG_WARN_OBJC_LITERAL_CONVERSION = YES;
				CLANG_WARN_OBJC_ROOT_CLASS = YES_ERROR;
				CLANG_WARN_QUOTED_INCLUDE_IN_FRAMEWORK_HEADER = YES;
				CLANG_WARN_RANGE_LOOP_ANALYSIS = YES;
				CLANG_WARN_STRICT_PROTOTYPES = YES;
				CLANG_WARN_SUSPICIOUS_MOVE = YES;
				CLANG_WARN_UNGUARDED_AVAILABILITY = YES_AGGRESSIVE;
				CLANG_WARN_UNREACHABLE_CODE = YES;
				CLANG_WARN__DUPLICATE_METHOD_MATCH = YES;
				COPY_PHASE_STRIP = NO;
				DEBUG_INFORMATION_FORMAT = dwarf;
				ENABLE_STRICT_OBJC_MSGSEND = YES;
				ENABLE_TESTABILITY = YES;
				GCC_C_LANGUAGE_STANDARD = gnu11;
				GCC_DYNAMIC_NO_PIC = NO;
				GCC_NO_COMMON_BLOCKS = YES;
				GCC_OPTIMIZATION_LEVEL = 0;
				GCC_PREPROCESSOR_DEFINITIONS = (
					"DEBUG=1",
					"$(inherited)",
				);
				GCC_WARN_64_TO_32_BIT_CONVERSION = YES;
				GCC_WARN_ABOUT_RETURN_TYPE = YES_ERROR;
				GCC_WARN_UNDECLARED_SELECTOR = YES;
				GCC_WARN_UNINITIALIZED_AUTOS = YES_AGGRESSIVE;
				GCC_WARN_UNUSED_FUNCTION = YES;
				GCC_WARN_UNUSED_VARIABLE = YES;
				IPHONEOS_DEPLOYMENT_TARGET = 16.4;
				MTL_ENABLE_DEBUG_INFO = INCLUDE_SOURCE;
				MTL_FAST_MATH = YES;
				ONLY_ACTIVE_ARCH = YES;
				SDKROOT = iphoneos;
				SWIFT_ACTIVE_COMPILATION_CONDITIONS = DEBUG;
				SWIFT_OPTIMIZATION_LEVEL = "-Onone";
			};
			name = Debug;
		};
		9FDA5FEF2A4F41E300936D8A /* Release */ = {
			isa = XCBuildConfiguration;
			buildSettings = {
				ALWAYS_SEARCH_USER_PATHS = NO;
				CLANG_ANALYZER_NONNULL = YES;
				CLANG_ANALYZER_NUMBER_OBJECT_CONVERSION = YES_AGGRESSIVE;
				CLANG_CXX_LANGUAGE_STANDARD = "gnu++20";
				CLANG_ENABLE_MODULES = YES;
				CLANG_ENABLE_OBJC_ARC = YES;
				CLANG_ENABLE_OBJC_WEAK = YES;
				CLANG_WARN_BLOCK_CAPTURE_AUTORELEASING = YES;
				CLANG_WARN_BOOL_CONVERSION = YES;
				CLANG_WARN_COMMA = YES;
				CLANG_WARN_CONSTANT_CONVERSION = YES;
				CLANG_WARN_DEPRECATED_OBJC_IMPLEMENTATIONS = YES;
				CLANG_WARN_DIRECT_OBJC_ISA_USAGE = YES_ERROR;
				CLANG_WARN_DOCUMENTATION_COMMENTS = YES;
				CLANG_WARN_EMPTY_BODY = YES;
				CLANG_WARN_ENUM_CONVERSION = YES;
				CLANG_WARN_INFINITE_RECURSION = YES;
				CLANG_WARN_INT_CONVERSION = YES;
				CLANG_WARN_NON_LITERAL_NULL_CONVERSION = YES;
				CLANG_WARN_OBJC_IMPLICIT_RETAIN_SELF = YES;
				CLANG_WARN_OBJC_LITERAL_CONVERSION = YES;
				CLANG_WARN_OBJC_ROOT_CLASS = YES_ERROR;
				CLANG_WARN_QUOTED_INCLUDE_IN_FRAMEWORK_HEADER = YES;
				CLANG_WARN_RANGE_LOOP_ANALYSIS = YES;
				CLANG_WARN_STRICT_PROTOTYPES = YES;
				CLANG_WARN_SUSPICIOUS_MOVE = YES;
				CLANG_WARN_UNGUARDED_AVAILABILITY = YES_AGGRESSIVE;
				CLANG_WARN_UNREACHABLE_CODE = YES;
				CLANG_WARN__DUPLICATE_METHOD_MATCH = YES;
				COPY_PHASE_STRIP = NO;
				DEBUG_INFORMATION_FORMAT = "dwarf-with-dsym";
				ENABLE_NS_ASSERTIONS = NO;
				ENABLE_STRICT_OBJC_MSGSEND = YES;
				GCC_C_LANGUAGE_STANDARD = gnu11;
				GCC_NO_COMMON_BLOCKS = YES;
				GCC_WARN_64_TO_32_BIT_CONVERSION = YES;
				GCC_WARN_ABOUT_RETURN_TYPE = YES_ERROR;
				GCC_WARN_UNDECLARED_SELECTOR = YES;
				GCC_WARN_UNINITIALIZED_AUTOS = YES_AGGRESSIVE;
				GCC_WARN_UNUSED_FUNCTION = YES;
				GCC_WARN_UNUSED_VARIABLE = YES;
				IPHONEOS_DEPLOYMENT_TARGET = 16.4;
				MTL_ENABLE_DEBUG_INFO = NO;
				MTL_FAST_MATH = YES;
				SDKROOT = iphoneos;
				SWIFT_COMPILATION_MODE = wholemodule;
				SWIFT_OPTIMIZATION_LEVEL = "-O";
				VALIDATE_PRODUCT = YES;
			};
			name = Release;
		};
		9FDA5FF12A4F41E300936D8A /* Debug */ = {
			isa = XCBuildConfiguration;
			buildSettings = {
				ASSETCATALOG_COMPILER_APPICON_NAME = AppIcon;
				ASSETCATALOG_COMPILER_GLOBAL_ACCENT_COLOR_NAME = AccentColor;
				CODE_SIGN_STYLE = Automatic;
				CURRENT_PROJECT_VERSION = 1;
				DEVELOPMENT_ASSET_PATHS = "\"EventPlanner/Preview Content\"";
				DEVELOPMENT_TEAM = GMMGZ4UUAF;
				ENABLE_PREVIEWS = YES;
				GENERATE_INFOPLIST_FILE = YES;
				INFOPLIST_KEY_UIApplicationSceneManifest_Generation = YES;
				INFOPLIST_KEY_UIApplicationSupportsIndirectInputEvents = YES;
				INFOPLIST_KEY_UILaunchScreen_Generation = YES;
				INFOPLIST_KEY_UISupportedInterfaceOrientations_iPad = "UIInterfaceOrientationPortrait UIInterfaceOrientationPortraitUpsideDown UIInterfaceOrientationLandscapeLeft UIInterfaceOrientationLandscapeRight";
				INFOPLIST_KEY_UISupportedInterfaceOrientations_iPhone = "UIInterfaceOrientationPortrait UIInterfaceOrientationLandscapeLeft UIInterfaceOrientationLandscapeRight";
				INFOPLIST_KEY_UIUserInterfaceStyle = Light;
				IPHONEOS_DEPLOYMENT_TARGET = 16.0;
				LD_RUNPATH_SEARCH_PATHS = (
					"$(inherited)",
					"@executable_path/Frameworks",
				);
				MARKETING_VERSION = 1.0;
				PRODUCT_BUNDLE_IDENTIFIER = zach.farmer.EventPlanner;
				PRODUCT_NAME = "$(TARGET_NAME)";
				SWIFT_EMIT_LOC_STRINGS = YES;
				SWIFT_VERSION = 5.0;
				TARGETED_DEVICE_FAMILY = "1,2";
			};
			name = Debug;
		};
		9FDA5FF22A4F41E300936D8A /* Release */ = {
			isa = XCBuildConfiguration;
			buildSettings = {
				ASSETCATALOG_COMPILER_APPICON_NAME = AppIcon;
				ASSETCATALOG_COMPILER_GLOBAL_ACCENT_COLOR_NAME = AccentColor;
				CODE_SIGN_STYLE = Automatic;
				CURRENT_PROJECT_VERSION = 1;
				DEVELOPMENT_ASSET_PATHS = "\"EventPlanner/Preview Content\"";
				DEVELOPMENT_TEAM = GMMGZ4UUAF;
				ENABLE_PREVIEWS = YES;
				GENERATE_INFOPLIST_FILE = YES;
				INFOPLIST_KEY_UIApplicationSceneManifest_Generation = YES;
				INFOPLIST_KEY_UIApplicationSupportsIndirectInputEvents = YES;
				INFOPLIST_KEY_UILaunchScreen_Generation = YES;
				INFOPLIST_KEY_UISupportedInterfaceOrientations_iPad = "UIInterfaceOrientationPortrait UIInterfaceOrientationPortraitUpsideDown UIInterfaceOrientationLandscapeLeft UIInterfaceOrientationLandscapeRight";
				INFOPLIST_KEY_UISupportedInterfaceOrientations_iPhone = "UIInterfaceOrientationPortrait UIInterfaceOrientationLandscapeLeft UIInterfaceOrientationLandscapeRight";
				INFOPLIST_KEY_UIUserInterfaceStyle = Light;
				IPHONEOS_DEPLOYMENT_TARGET = 16.0;
				LD_RUNPATH_SEARCH_PATHS = (
					"$(inherited)",
					"@executable_path/Frameworks",
				);
				MARKETING_VERSION = 1.0;
				PRODUCT_BUNDLE_IDENTIFIER = zach.farmer.EventPlanner;
				PRODUCT_NAME = "$(TARGET_NAME)";
				SWIFT_EMIT_LOC_STRINGS = YES;
				SWIFT_VERSION = 5.0;
				TARGETED_DEVICE_FAMILY = "1,2";
			};
			name = Release;
		};
/* End XCBuildConfiguration section */

/* Begin XCConfigurationList section */
		9FDA5FDD2A4F41E100936D8A /* Build configuration list for PBXProject "EventPlanner" */ = {
			isa = XCConfigurationList;
			buildConfigurations = (
				9FDA5FEE2A4F41E300936D8A /* Debug */,
				9FDA5FEF2A4F41E300936D8A /* Release */,
			);
			defaultConfigurationIsVisible = 0;
			defaultConfigurationName = Release;
		};
		9FDA5FF02A4F41E300936D8A /* Build configuration list for PBXNativeTarget "EventPlanner" */ = {
			isa = XCConfigurationList;
			buildConfigurations = (
				9FDA5FF12A4F41E300936D8A /* Debug */,
				9FDA5FF22A4F41E300936D8A /* Release */,
			);
			defaultConfigurationIsVisible = 0;
			defaultConfigurationName = Release;
		};
/* End XCConfigurationList section */
	};
	rootObject = 9FDA5FDA2A4F41E100936D8A /* Project object */;
}
